{
  "name": "micro-analytics-cli",
  "version": "3.1.0",
  "lockfileVersion": 1,
  "requires": true,
  "dependencies": {
    "args": {
      "version": "2.6.1",
      "resolved": "https://registry.npmjs.org/args/-/args-2.6.1.tgz",
      "integrity": "sha1-slkO1BaM0xtiREGZvcUWa7GSDC8="
    },
    "babel-cli": {
      "version": "6.24.1",
      "resolved": "https://registry.npmjs.org/babel-cli/-/babel-cli-6.24.1.tgz",
      "integrity": "sha1-IHzXBbumFImy6kG1MSNBz2rKIoM=",
      "dev": true
    },
    "babel-jest": {
      "version": "19.0.0",
      "resolved": "https://registry.npmjs.org/babel-jest/-/babel-jest-19.0.0.tgz",
      "integrity": "sha1-WTI87ZmjqE01naIZyogQdP/Gzj8=",
      "dev": true
    },
    "babel-polyfill": {
      "version": "6.23.0",
      "resolved": "https://registry.npmjs.org/babel-polyfill/-/babel-polyfill-6.23.0.tgz",
      "integrity": "sha1-g2TKYt+Or7gwSZ9pkXdGbDsDSZ0=",
      "dev": true
    },
    "babel-runtime": {
      "version": "6.23.0",
      "resolved": "https://registry.npmjs.org/babel-runtime/-/babel-runtime-6.23.0.tgz",
      "integrity": "sha1-CpSJ8UTecO+zzkMArM2zKeL8VDs="
    },
    "escape-regex": {
      "version": "1.0.7",
      "resolved": "https://registry.npmjs.org/escape-regex/-/escape-regex-1.0.7.tgz",
      "integrity": "sha1-jK3ljcuX0cFaCSFI1FYuTmIes2Y="
    },
    "flat-file-db": {
      "version": "1.0.0",
      "resolved": "https://registry.npmjs.org/flat-file-db/-/flat-file-db-1.0.0.tgz",
      "integrity": "sha1-CMy9cTJs4qwx8cyWB7pxPLi2ePs="
    },
    "is-async-supported": {
      "version": "1.2.0",
      "resolved": "https://registry.npmjs.org/is-async-supported/-/is-async-supported-1.2.0.tgz",
      "integrity": "sha1-INWKxNZwfrHLNxLdOEgMBTbyfAc="
    },
    "micro": {
      "version": "7.3.3",
      "resolved": "https://registry.npmjs.org/micro/-/micro-7.3.3.tgz",
      "integrity": "sha1-gmHFbSoxp9+TmG7/hkQTlvK0sHA=",
      "dependencies": {
        "ansi-align": {
          "version": "2.0.0",
          "resolved": "https://registry.npmjs.org/ansi-align/-/ansi-align-2.0.0.tgz",
          "integrity": "sha1-w2rsy6VjuJzrVW82kPCx2eNUf38="
        },
        "ansi-regex": {
          "version": "3.0.0",
          "resolved": "https://registry.npmjs.org/ansi-regex/-/ansi-regex-3.0.0.tgz",
          "integrity": "sha1-7QMXwyIGT3lGbAKWa922Bas32Zg="
        },
        "async-to-gen": {
          "version": "1.3.3",
          "resolved": "https://registry.npmjs.org/async-to-gen/-/async-to-gen-1.3.3.tgz",
          "integrity": "sha1-1SyftIAfDfRKvE0t4YcLSLYOILs="
        },
        "boxen": {
          "version": "1.1.0",
          "resolved": "https://registry.npmjs.org/boxen/-/boxen-1.1.0.tgz",
          "integrity": "sha1-sbad1SIwXoB6md7ud329blFnsQI="
        },
        "configstore": {
          "version": "3.1.0",
          "resolved": "https://registry.npmjs.org/configstore/-/configstore-3.1.0.tgz",
          "integrity": "sha1-Rd+QcHPibfoc9LLVL1tgVF6qEdE="
        },
        "dot-prop": {
          "version": "4.1.1",
          "resolved": "https://registry.npmjs.org/dot-prop/-/dot-prop-4.1.1.tgz",
          "integrity": "sha1-qEk/C3te7sglJbXHWH+n3nyoWcE="
        },
        "got": {
          "version": "6.7.1",
          "resolved": "https://registry.npmjs.org/got/-/got-6.7.1.tgz",
          "integrity": "sha1-JAzQV4WpoY5WHcG0S0HHY+8ejbA="
        },
        "iconv-lite": {
          "version": "0.4.15",
          "resolved": "https://registry.npmjs.org/iconv-lite/-/iconv-lite-0.4.15.tgz",
          "integrity": "sha1-/iZaIYrGpXz+hUkn6dBMGYJe3es="
        },
        "is-fullwidth-code-point": {
          "version": "2.0.0",
          "resolved": "https://registry.npmjs.org/is-fullwidth-code-point/-/is-fullwidth-code-point-2.0.0.tgz",
          "integrity": "sha1-o7MKXE8ZkYMWeqq5O+764937ZU8="
        },
        "latest-version": {
          "version": "3.1.0",
          "resolved": "https://registry.npmjs.org/latest-version/-/latest-version-3.1.0.tgz",
          "integrity": "sha1-ogU4P+oyKzO1rjsYq+4NwvNW7hU="
        },
        "lazy-req": {
          "version": "2.0.0",
          "resolved": "https://registry.npmjs.org/lazy-req/-/lazy-req-2.0.0.tgz",
          "integrity": "sha1-yUUKNj7N2i5vDHATKtTzf48G8rQ="
        },
        "magic-string": {
          "version": "0.19.1",
          "resolved": "https://registry.npmjs.org/magic-string/-/magic-string-0.19.1.tgz",
          "integrity": "sha1-FNdoATyvLsj96hakmvgvw3fnUgE="
        },
        "package-json": {
          "version": "4.0.1",
          "resolved": "https://registry.npmjs.org/package-json/-/package-json-4.0.1.tgz",
          "integrity": "sha1-iGmgQBJTZhxMTKPabCEh7VVfXu0="
        },
        "raw-body": {
          "version": "2.2.0",
          "resolved": "https://registry.npmjs.org/raw-body/-/raw-body-2.2.0.tgz",
          "integrity": "sha1-mUl2z2pQlqQRYoQEkvC9xdbn+5Y="
        },
        "string-width": {
          "version": "2.1.0",
          "resolved": "https://registry.npmjs.org/string-width/-/string-width-2.1.0.tgz",
          "integrity": "sha1-AwZkVh/BRslCPsfZeP4kV0N/5tA="
        },
        "strip-ansi": {
          "version": "4.0.0",
          "resolved": "https://registry.npmjs.org/strip-ansi/-/strip-ansi-4.0.0.tgz",
          "integrity": "sha1-qEeQIusaw2iocTibY1JixQXuNo8="
        },
        "timed-out": {
          "version": "4.0.1",
          "resolved": "https://registry.npmjs.org/timed-out/-/timed-out-4.0.1.tgz",
          "integrity": "sha1-8y6srFoXW+ol1/q1Zas+2HQe9W8="
        },
        "unzip-response": {
          "version": "2.0.1",
          "resolved": "https://registry.npmjs.org/unzip-response/-/unzip-response-2.0.1.tgz",
          "integrity": "sha1-0vD3N9FrBhXnKmk17QQhRXLVb5c="
        },
        "update-notifier": {
          "version": "2.1.0",
          "resolved": "https://registry.npmjs.org/update-notifier/-/update-notifier-2.1.0.tgz",
          "integrity": "sha1-7AweU1NrdmR6JLd8uDlm2TFRI9k="
        },
        "write-file-atomic": {
          "version": "2.1.0",
          "resolved": "https://registry.npmjs.org/write-file-atomic/-/write-file-atomic-2.1.0.tgz",
          "integrity": "sha512-0TZ20a+xcIl4u0+Mj5xDH2yOWdmQiXlKf9Hm+TgDXjTMsEYb+gDrmb8e8UNAzMCitX8NBqG4Z/FUQIyzv/R1JQ=="
        },
        "xdg-basedir": {
          "version": "3.0.0",
          "resolved": "https://registry.npmjs.org/xdg-basedir/-/xdg-basedir-3.0.0.tgz",
          "integrity": "sha1-SWsswQnsqNus/i3HK2A8F8WHCtQ="
        }
      }
    },
    "micro-analytics-adapter-flat-file-db": {
      "version": "1.3.2",
      "resolved": "https://registry.npmjs.org/micro-analytics-adapter-flat-file-db/-/micro-analytics-adapter-flat-file-db-1.3.2.tgz",
      "integrity": "sha512-7goZeWtm1n3i3GOH3a76zcQDPD4orI91hQ4V/dQH670M4Phdj8D/3fpXxRPKCrZuuXcQt4CJqxu7FTLltccSKQ==",
      "requires": {
        "babel-runtime": "^6.23.0",
        "flat-file-db": "^1.0.0",
        "micro-analytics-adapter-utils": "^1.0.0",
        "then-flat-file-db": "^1.0.0",
        "zen-observable": "^0.4.0"
      }
    },
    "micro-analytics-adapter-memory": {
      "version": "1.0.0",
      "resolved": "https://registry.npmjs.org/micro-analytics-adapter-memory/-/micro-analytics-adapter-memory-1.0.0.tgz",
      "integrity": "sha512-GZ5mdtWs69JA4j5ukw/tY01LRg6EeojMp0jG71ozXmpisZni9yWKoIuAFyiJ7Pl10jj2ft9qWRt6bZf4zZK00g==",
      "dev": true
    },
    "micro-analytics-adapter-utils": {
      "version": "1.0.1",
      "resolved": "https://registry.npmjs.org/micro-analytics-adapter-utils/-/micro-analytics-adapter-utils-1.0.1.tgz",
      "integrity": "sha512-hKWk1i3/pq6vFQ360INp5BuV9KH1qT53aOkoafAogif4XWfBGQsG9A50iaybCWTGxiS7s8vnFAV6xv4JFOlLDw==",
      "requires": {
        "escape-regex": "^1.0.7",
        "is-async-supported": "^1.2.0"
      }
    },
    "nodemon": {
      "version": "1.11.0",
      "resolved": "https://registry.npmjs.org/nodemon/-/nodemon-1.11.0.tgz",
      "integrity": "sha1-ImxWK9KnsT09dRi0mtSCijYj0Gw=",
      "dev": true,
      "dependencies": {
        "configstore": {
          "version": "1.4.0",
          "resolved": "https://registry.npmjs.org/configstore/-/configstore-1.4.0.tgz",
          "integrity": "sha1-w1eB0FAdJowlxUuLF/YkDopPsCE="
        },
        "got": {
          "version": "3.3.1",
          "resolved": "https://registry.npmjs.org/got/-/got-3.3.1.tgz",
          "integrity": "sha1-5dDtSvVfw+701WAHdp2YGSvLLso=",
          "dependencies": {
            "object-assign": {
              "version": "3.0.0",
              "resolved": "https://registry.npmjs.org/object-assign/-/object-assign-3.0.0.tgz",
              "integrity": "sha1-m+3VygiXlJvKR+f/QIBi1Un1h/I="
            }
          }
        },
        "latest-version": {
          "version": "1.0.1",
          "resolved": "https://registry.npmjs.org/latest-version/-/latest-version-1.0.1.tgz",
          "integrity": "sha1-cs/Ebj6NG+ZR4eu1Tqn26pbzdLs="
        },
        "minimist": {
          "version": "0.0.8",
          "resolved": "https://registry.npmjs.org/minimist/-/minimist-0.0.8.tgz",
          "integrity": "sha1-hX/Kv8M5fSYluCKCYuhqp6ARsF0="
        },
        "mkdirp": {
          "version": "0.5.1",
          "resolved": "https://registry.npmjs.org/mkdirp/-/mkdirp-0.5.1.tgz",
          "integrity": "sha1-MAV0OOrGz3+MR2fzhkjWaX11yQM="
        },
        "package-json": {
          "version": "1.2.0",
          "resolved": "https://registry.npmjs.org/package-json/-/package-json-1.2.0.tgz",
          "integrity": "sha1-yOysCUInzfdqMWh07QXifMk5oOA="
        },
        "repeating": {
          "version": "1.1.3",
          "resolved": "https://registry.npmjs.org/repeating/-/repeating-1.1.3.tgz",
          "integrity": "sha1-PUEUIYh3U3SU+X93+Xhfq4EPpKw="
        },
        "timed-out": {
          "version": "2.0.0",
          "resolved": "https://registry.npmjs.org/timed-out/-/timed-out-2.0.0.tgz",
          "integrity": "sha1-84sK6B03R9YoAB9B2vxlKs5nHAo="
        },
        "update-notifier": {
          "version": "0.5.0",
          "resolved": "https://registry.npmjs.org/update-notifier/-/update-notifier-0.5.0.tgz",
          "integrity": "sha1-B7XcIGazYnqztPUwEw9+3doHpMw="
        }
      }
    },
    "promise": {
      "version": "7.3.1",
      "resolved": "https://registry.npmjs.org/promise/-/promise-7.3.1.tgz",
      "integrity": "sha512-nolQXZ/4L+bP/UGlkfaIujX9BKxGwmQ9OT4mOt5yvy8iK1h3wqTEJCijzGANTCCl9nWjY41juyAn2K3Q1hLLTg=="
    },
    "request-promise": {
      "version": "4.2.1",
      "resolved": "https://registry.npmjs.org/request-promise/-/request-promise-4.2.1.tgz",
      "integrity": "sha1-fuxWyJMXqCLL/qmbA5zlQ8LhX2c=",
      "dev": true
    },
    "shelljs": {
      "version": "0.7.8",
      "resolved": "https://registry.npmjs.org/shelljs/-/shelljs-0.7.8.tgz",
      "integrity": "sha1-3svPh0sNHl+3LhSxZKloMEjprLM="
    },
    "sse-channel": {
      "version": "2.0.6",
      "resolved": "https://registry.npmjs.org/sse-channel/-/sse-channel-2.0.6.tgz",
      "integrity": "sha1-MRzEXvshYo9OSYnJzrl2u0eDVZI="
    },
    "then-flat-file-db": {
      "version": "1.0.0",
      "resolved": "https://registry.npmjs.org/then-flat-file-db/-/then-flat-file-db-1.0.0.tgz",
      "integrity": "sha1-eKt20jVOw0ohp8jDjjzybVVHXCY="
    },
    "update-notifier": {
      "version": "1.0.3",
      "resolved": "https://registry.npmjs.org/update-notifier/-/update-notifier-1.0.3.tgz",
      "integrity": "sha1-j5LFFUgr1oMbfJMBPnD4dVLHz1o="
    },
    "zen-observable": {
      "version": "0.4.0",
      "resolved": "https://registry.npmjs.org/zen-observable/-/zen-observable-0.4.0.tgz",
      "integrity": "sha1-hYJRGIkURVm2utAYQdafncqL2qI="
    }
  }
}
