{
  "name": "micro-analytics-adapter-memory",
  "version": "1.0.2",
  "lockfileVersion": 1,
  "requires": true,
  "dependencies": {
    "babel-cli": {
      "version": "6.24.1",
      "resolved": "https://registry.npmjs.org/babel-cli/-/babel-cli-6.24.1.tgz",
      "integrity": "sha1-IHzXBbumFImy6kG1MSNBz2rKIoM=",
      "dev": true
    },
    "babel-runtime": {
      "version": "6.23.0",
      "resolved": "https://registry.npmjs.org/babel-runtime/-/babel-runtime-6.23.0.tgz",
      "integrity": "sha1-CpSJ8UTecO+zzkMArM2zKeL8VDs="
    },
    "escape-regex": {
      "version": "1.0.7",
      "resolved": "https://registry.npmjs.org/escape-regex/-/escape-regex-1.0.7.tgz",
      "integrity": "sha512-G5t6nmEnBsWgkmpjUAIaC9yfUP8migTyARf74AEqdK1ARVv1NeZUs1fBQ1VeU/Dy3mewemEdXqTIMYmWZ87fCQ=="
    },
    "is-async-supported": {
      "version": "1.2.0",
      "resolved": "https://registry.npmjs.org/is-async-supported/-/is-async-supported-1.2.0.tgz",
      "integrity": "sha512-q/aXUFAWM99eq6epMQM0DmNnecSX621A80Ua9dwnVW9XlxfzSK34I9D9uMBIJ5aNFJjRCcNeLUCTOcpvC80g7A=="
    },
    "micro-analytics-adapter-utils": {
      "version": "1.0.1",
      "resolved": "https://registry.npmjs.org/micro-analytics-adapter-utils/-/micro-analytics-adapter-utils-1.0.1.tgz",
      "integrity": "sha512-hKWk1i3/pq6vFQ360INp5BuV9KH1qT53aOkoafAogif4XWfBGQsG9A50iaybCWTGxiS7s8vnFAV6xv4JFOlLDw==",
      "requires": {
        "escape-regex": "^1.0.7",
        "is-async-supported": "^1.2.0"
      }
    },
    "zen-observable": {
      "version": "0.5.2",
      "resolved": "https://registry.npmjs.org/zen-observable/-/zen-observable-0.5.2.tgz",
      "integrity": "sha512-Dhp/R0pqSHj3vPs5O1gVd9kZx5Iew2lqVcfJQOBHx3llM/dLea8vl9wSa9FK8wLdSBQJ6mmgKi9+Rk2DRH3i9Q=="
    }
  }
}
